
Microsoft Visual Studio Solution File, Format Version 12.00
# Visual Studio Version 16
VisualStudioVersion = 16.0.31729.503
MinimumVisualStudioVersion = 10.0.40219.1
Project("{FAE04EC0-301F-11D3-BF4B-00C04F79EFBC}") = "nir_tar3", "nir_tar3\nir_tar3.csproj", "{0AD5814B-F77A-4766-A0ED-EA86E8567366}"
EndProject
Project("{FAE04EC0-301F-11D3-BF4B-00C04F79EFBC}") = "ClassLibrary1", "ClassLibrary1\ClassLibrary1.csproj", "{520E2544-45F2-43E2-A77A-59BB38563E83}"
EndProject
Global
	GlobalSection(SolutionConfigurationPlatforms) = preSolution
		Debug|Any CPU = Debug|Any CPU
		Release|Any CPU = Release|Any CPU
	EndGlobalSection
	GlobalSection(ProjectConfigurationPlatforms) = postSolution
		{0AD5814B-F77A-4766-A0ED-EA86E8567366}.Debug|Any CPU.ActiveCfg = Debug|Any CPU
		{0AD5814B-F77A-4766-A0ED-EA86E8567366}.Debug|Any CPU.Build.0 = Debug|Any CPU
		{0AD5814B-F77A-4766-A0ED-EA86E8567366}.Release|Any CPU.ActiveCfg = Release|Any CPU
		{0AD5814B-F77A-4766-A0ED-EA86E8567366}.Release|Any CPU.Build.0 = Release|Any CPU
		{520E2544-45F2-43E2-A77A-59BB38563E83}.Debug|Any CPU.ActiveCfg = Debug|Any CPU
		{520E2544-45F2-43E2-A77A-59BB38563E83}.Debug|Any CPU.Build.0 = Debug|Any CPU
		{520E2544-45F2-43E2-A77A-59BB38563E83}.Release|Any CPU.ActiveCfg = Release|Any CPU
		{520E2544-45F2-43E2-A77A-59BB38563E83}.Release|Any CPU.Build.0 = Release|Any CPU
	EndGlobalSection
	GlobalSection(SolutionProperties) = preSolution
		HideSolutionNode = FALSE
	EndGlobalSection
	GlobalSection(ExtensibilityGlobals) = postSolution
		SolutionGuid = {0F9BB39E-6915-49B6-B2A9-AAB999E17B5E}
	EndGlobalSection
EndGlobal
